
Microsoft Visual Studio Solution File, Format Version 12.00
# Visual Studio 15
VisualStudioVersion = 15.0.27004.2009
MinimumVisualStudioVersion = 10.0.40219.1
Project("{FAE04EC0-301F-11D3-BF4B-00C04F79EFBC}") = "Dinu", "Dinu\Dinu.csproj", "{6F776CB4-B55D-47F7-B483-78B1D0C7ACAB}"
EndProject
Global
	GlobalSection(SolutionConfigurationPlatforms) = preSolution
		Debug|Any CPU = Debug|Any CPU
		Release|Any CPU = Release|Any CPU
	EndGlobalSection
	GlobalSection(ProjectConfigurationPlatforms) = postSolution
		{6F776CB4-B55D-47F7-B483-78B1D0C7ACAB}.Debug|Any CPU.ActiveCfg = Debug|Any CPU
		{6F776CB4-B55D-47F7-B483-78B1D0C7ACAB}.Debug|Any CPU.Build.0 = Debug|Any CPU
		{6F776CB4-B55D-47F7-B483-78B1D0C7ACAB}.Release|Any CPU.ActiveCfg = Release|Any CPU
		{6F776CB4-B55D-47F7-B483-78B1D0C7ACAB}.Release|Any CPU.Build.0 = Release|Any CPU
	EndGlobalSection
	GlobalSection(SolutionProperties) = preSolution
		HideSolutionNode = FALSE
	EndGlobalSection
	GlobalSection(ExtensibilityGlobals) = postSolution
		SolutionGuid = {14D9B717-6358-4441-A1F5-C7A91D62E9C5}
	EndGlobalSection
EndGlobal
